// !$*UTF8*$!
{
	archiveVersion = 1;
	classes = {
	};
	objectVersion = 56;
	objects = {

/* Begin PBXBuildFile section */
		941274AB2C5F9A9B007F42BC /* Time.swift in Sources */ = {isa = PBXBuildFile; fileRef = 941274AA2C5F9A9B007F42BC /* Time.swift */; };
		941274AE2C5FAAD2007F42BC /* NotificationService.swift in Sources */ = {isa = PBXBuildFile; fileRef = 941274AD2C5FAAD2007F42BC /* NotificationService.swift */; };
		941274B12C67269F007F42BC /* AppDelegate.swift in Sources */ = {isa = PBXBuildFile; fileRef = 941274B02C67269F007F42BC /* AppDelegate.swift */; };
		941274B42C673178007F42BC /* TimerViewModel.swift in Sources */ = {isa = PBXBuildFile; fileRef = 941274B32C673178007F42BC /* TimerViewModel.swift */; };
		9426EF722C46B36F002E8132 /* TimerApp.swift in Sources */ = {isa = PBXBuildFile; fileRef = 9426EF712C46B36F002E8132 /* TimerApp.swift */; };
		9426EF742C46B36F002E8132 /* ContentView.swift in Sources */ = {isa = PBXBuildFile; fileRef = 9426EF732C46B36F002E8132 /* ContentView.swift */; };
		9426EF762C46B371002E8132 /* Assets.xcassets in Resources */ = {isa = PBXBuildFile; fileRef = 9426EF752C46B371002E8132 /* Assets.xcassets */; };
		9426EF792C46B371002E8132 /* Preview Assets.xcassets in Resources */ = {isa = PBXBuildFile; fileRef = 9426EF782C46B371002E8132 /* Preview Assets.xcassets */; };
		9475598E2C4D32F700AB0801 /* relaxing-electronic-music-free.mp3 in Resources */ = {isa = PBXBuildFile; fileRef = 9475598D2C4D32F700AB0801 /* relaxing-electronic-music-free.mp3 */; };
		949371E92C68CC1E0097C39D /* TimerView.swift in Sources */ = {isa = PBXBuildFile; fileRef = 949371E82C68CC1E0097C39D /* TimerView.swift */; };
/* End PBXBuildFile section */

/* Begin PBXFileReference section */
		941274AA2C5F9A9B007F42BC /* Time.swift */ = {isa = PBXFileReference; lastKnownFileType = sourcecode.swift; path = Time.swift; sourceTree = "<group>"; };
		941274AD2C5FAAD2007F42BC /* NotificationService.swift */ = {isa = PBXFileReference; lastKnownFileType = sourcecode.swift; path = NotificationService.swift; sourceTree = "<group>"; };
		941274B02C67269F007F42BC /* AppDelegate.swift */ = {isa = PBXFileReference; lastKnownFileType = sourcecode.swift; path = AppDelegate.swift; sourceTree = "<group>"; };
		941274B32C673178007F42BC /* TimerViewModel.swift */ = {isa = PBXFileReference; lastKnownFileType = sourcecode.swift; path = TimerViewModel.swift; sourceTree = "<group>"; };
		9426EF6E2C46B36F002E8132 /* Timer.app */ = {isa = PBXFileReference; explicitFileType = wrapper.application; includeInIndex = 0; path = Timer.app; sourceTree = BUILT_PRODUCTS_DIR; };
		9426EF712C46B36F002E8132 /* TimerApp.swift */ = {isa = PBXFileReference; lastKnownFileType = sourcecode.swift; path = TimerApp.swift; sourceTree = "<group>"; };
		9426EF732C46B36F002E8132 /* ContentView.swift */ = {isa = PBXFileReference; lastKnownFileType = sourcecode.swift; path = ContentView.swift; sourceTree = "<group>"; };
		9426EF752C46B371002E8132 /* Assets.xcassets */ = {isa = PBXFileReference; lastKnownFileType = folder.assetcatalog; path = Assets.xcassets; sourceTree = "<group>"; };
		9426EF782C46B371002E8132 /* Preview Assets.xcassets */ = {isa = PBXFileReference; lastKnownFileType = folder.assetcatalog; path = "Preview Assets.xcassets"; sourceTree = "<group>"; };
		9475598D2C4D32F700AB0801 /* relaxing-electronic-music-free.mp3 */ = {isa = PBXFileReference; lastKnownFileType = audio.mp3; path = "relaxing-electronic-music-free.mp3"; sourceTree = "<group>"; };
		949371E82C68CC1E0097C39D /* TimerView.swift */ = {isa = PBXFileReference; lastKnownFileType = sourcecode.swift; path = TimerView.swift; sourceTree = "<group>"; };
/* End PBXFileReference section */

/* Begin PBXFrameworksBuildPhase section */
		9426EF6B2C46B36F002E8132 /* Frameworks */ = {
			isa = PBXFrameworksBuildPhase;
			buildActionMask = 2147483647;
			files = (
			);
			runOnlyForDeploymentPostprocessing = 0;
		};
/* End PBXFrameworksBuildPhase section */

/* Begin PBXGroup section */
		941274A92C5F9A78007F42BC /* Model */ = {
			isa = PBXGroup;
			children = (
				941274AA2C5F9A9B007F42BC /* Time.swift */,
			);
			path = Model;
			sourceTree = "<group>";
		};
		941274AC2C5FAAC5007F42BC /* Service */ = {
			isa = PBXGroup;
			children = (
				941274AD2C5FAAD2007F42BC /* NotificationService.swift */,
			);
			path = Service;
			sourceTree = "<group>";
		};
		941274AF2C672686007F42BC /* App */ = {
			isa = PBXGroup;
			children = (
				9426EF712C46B36F002E8132 /* TimerApp.swift */,
				941274B02C67269F007F42BC /* AppDelegate.swift */,
			);
			path = App;
			sourceTree = "<group>";
		};
		941274B22C67315C007F42BC /* Feature */ = {
			isa = PBXGroup;
			children = (
				941274B32C673178007F42BC /* TimerViewModel.swift */,
				949371E82C68CC1E0097C39D /* TimerView.swift */,
			);
			path = Feature;
			sourceTree = "<group>";
		};
		9426EF652C46B36F002E8132 = {
			isa = PBXGroup;
			children = (
				9426EF702C46B36F002E8132 /* Timer */,
				9426EF6F2C46B36F002E8132 /* Products */,
			);
			sourceTree = "<group>";
		};
		9426EF6F2C46B36F002E8132 /* Products */ = {
			isa = PBXGroup;
			children = (
				9426EF6E2C46B36F002E8132 /* Timer.app */,
			);
			name = Products;
			sourceTree = "<group>";
		};
		9426EF702C46B36F002E8132 /* Timer */ = {
			isa = PBXGroup;
			children = (
				941274B22C67315C007F42BC /* Feature */,
				941274AF2C672686007F42BC /* App */,
				941274AC2C5FAAC5007F42BC /* Service */,
				941274A92C5F9A78007F42BC /* Model */,
				9475598C2C4D32A500AB0801 /* Sounds */,
				9426EF732C46B36F002E8132 /* ContentView.swift */,
				9426EF752C46B371002E8132 /* Assets.xcassets */,
				9426EF772C46B371002E8132 /* Preview Content */,
			);
			path = Timer;
			sourceTree = "<group>";
		};
		9426EF772C46B371002E8132 /* Preview Content */ = {
			isa = PBXGroup;
			children = (
				9426EF782C46B371002E8132 /* Preview Assets.xcassets */,
			);
			path = "Preview Content";
			sourceTree = "<group>";
		};
		9475598C2C4D32A500AB0801 /* Sounds */ = {
			isa = PBXGroup;
			children = (
				9475598D2C4D32F700AB0801 /* relaxing-electronic-music-free.mp3 */,
			);
			path = Sounds;
			sourceTree = "<group>";
		};
/* End PBXGroup section */

/* Begin PBXNativeTarget section */
		9426EF6D2C46B36F002E8132 /* Timer */ = {
			isa = PBXNativeTarget;
			buildConfigurationList = 9426EF7C2C46B371002E8132 /* Build configuration list for PBXNativeTarget "Timer" */;
			buildPhases = (
				9426EF6A2C46B36F002E8132 /* Sources */,
				9426EF6B2C46B36F002E8132 /* Frameworks */,
				9426EF6C2C46B36F002E8132 /* Resources */,
			);
			buildRules = (
			);
			dependencies = (
			);
			name = Timer;
			productName = Timer;
			productReference = 9426EF6E2C46B36F002E8132 /* Timer.app */;
			productType = "com.apple.product-type.application";
		};
/* End PBXNativeTarget section */

/* Begin PBXProject section */
		9426EF662C46B36F002E8132 /* Project object */ = {
			isa = PBXProject;
			attributes = {
				BuildIndependentTargetsInParallel = 1;
				LastSwiftUpdateCheck = 1540;
				LastUpgradeCheck = 1540;
				TargetAttributes = {
					9426EF6D2C46B36F002E8132 = {
						CreatedOnToolsVersion = 15.4;
					};
				};
			};
			buildConfigurationList = 9426EF692C46B36F002E8132 /* Build configuration list for PBXProject "Timer" */;
			compatibilityVersion = "Xcode 14.0";
			developmentRegion = en;
			hasScannedForEncodings = 0;
			knownRegions = (
				en,
				Base,
			);
			mainGroup = 9426EF652C46B36F002E8132;
			productRefGroup = 9426EF6F2C46B36F002E8132 /* Products */;
			projectDirPath = "";
			projectRoot = "";
			targets = (
				9426EF6D2C46B36F002E8132 /* Timer */,
			);
		};
/* End PBXProject section */

/* Begin PBXResourcesBuildPhase section */
		9426EF6C2C46B36F002E8132 /* Resources */ = {
			isa = PBXResourcesBuildPhase;
			buildActionMask = 2147483647;
			files = (
				9426EF792C46B371002E8132 /* Preview Assets.xcassets in Resources */,
				9426EF762C46B371002E8132 /* Assets.xcassets in Resources */,
				9475598E2C4D32F700AB0801 /* relaxing-electronic-music-free.mp3 in Resources */,
			);
			runOnlyForDeploymentPostprocessing = 0;
		};
/* End PBXResourcesBuildPhase section */

/* Begin PBXSourcesBuildPhase section */
		9426EF6A2C46B36F002E8132 /* Sources */ = {
			isa = PBXSourcesBuildPhase;
			buildActionMask = 2147483647;
			files = (
				949371E92C68CC1E0097C39D /* TimerView.swift in Sources */,
				941274AE2C5FAAD2007F42BC /* NotificationService.swift in Sources */,
				941274AB2C5F9A9B007F42BC /* Time.swift in Sources */,
				9426EF742C46B36F002E8132 /* ContentView.swift in Sources */,
				941274B12C67269F007F42BC /* AppDelegate.swift in Sources */,
				941274B42C673178007F42BC /* TimerViewModel.swift in Sources */,
				9426EF722C46B36F002E8132 /* TimerApp.swift in Sources */,
			);
			runOnlyForDeploymentPostprocessing = 0;
		};
/* End PBXSourcesBuildPhase section */

/* Begin XCBuildConfiguration section */
		9426EF7A2C46B371002E8132 /* Debug */ = {
			isa = XCBuildConfiguration;
			buildSettings = {
				ALWAYS_SEARCH_USER_PATHS = NO;
				ASSETCATALOG_COMPILER_GENERATE_SWIFT_ASSET_SYMBOL_EXTENSIONS = YES;
				CLANG_ANALYZER_NONNULL = YES;
				CLANG_ANALYZER_NUMBER_OBJECT_CONVERSION = YES_AGGRESSIVE;
				CLANG_CXX_LANGUAGE_STANDARD = "gnu++20";
				CLANG_ENABLE_MODULES = YES;
				CLANG_ENABLE_OBJC_ARC = YES;
				CLANG_ENABLE_OBJC_WEAK = YES;
				CLANG_WARN_BLOCK_CAPTURE_AUTORELEASING = YES;
				CLANG_WARN_BOOL_CONVERSION = YES;
				CLANG_WARN_COMMA = YES;
				CLANG_WARN_CONSTANT_CONVERSION = YES;
				CLANG_WARN_DEPRECATED_OBJC_IMPLEMENTATIONS = YES;
				CLANG_WARN_DIRECT_OBJC_ISA_USAGE = YES_ERROR;
				CLANG_WARN_DOCUMENTATION_COMMENTS = YES;
				CLANG_WARN_EMPTY_BODY = YES;
				CLANG_WARN_ENUM_CONVERSION = YES;
				CLANG_WARN_INFINITE_RECURSION = YES;
				CLANG_WARN_INT_CONVERSION = YES;
				CLANG_WARN_NON_LITERAL_NULL_CONVERSION = YES;
				CLANG_WARN_OBJC_IMPLICIT_RETAIN_SELF = YES;
				CLANG_WARN_OBJC_LITERAL_CONVERSION = YES;
				CLANG_WARN_OBJC_ROOT_CLASS = YES_ERROR;
				CLANG_WARN_QUOTED_INCLUDE_IN_FRAMEWORK_HEADER = YES;
				CLANG_WARN_RANGE_LOOP_ANALYSIS = YES;
				CLANG_WARN_STRICT_PROTOTYPES = YES;
				CLANG_WARN_SUSPICIOUS_MOVE = YES;
				CLANG_WARN_UNGUARDED_AVAILABILITY = YES_AGGRESSIVE;
				CLANG_WARN_UNREACHABLE_CODE = YES;
				CLANG_WARN__DUPLICATE_METHOD_MATCH = YES;
				COPY_PHASE_STRIP = NO;
				DEBUG_INFORMATION_FORMAT = dwarf;
				ENABLE_STRICT_OBJC_MSGSEND = YES;
				ENABLE_TESTABILITY = YES;
				ENABLE_USER_SCRIPT_SANDBOXING = YES;
				GCC_C_LANGUAGE_STANDARD = gnu17;
				GCC_DYNAMIC_NO_PIC = NO;
				GCC_NO_COMMON_BLOCKS = YES;
				GCC_OPTIMIZATION_LEVEL = 0;
				GCC_PREPROCESSOR_DEFINITIONS = (
					"DEBUG=1",
					"$(inherited)",
				);
				GCC_WARN_64_TO_32_BIT_CONVERSION = YES;
				GCC_WARN_ABOUT_RETURN_TYPE = YES_ERROR;
				GCC_WARN_UNDECLARED_SELECTOR = YES;
				GCC_WARN_UNINITIALIZED_AUTOS = YES_AGGRESSIVE;
				GCC_WARN_UNUSED_FUNCTION = YES;
				GCC_WARN_UNUSED_VARIABLE = YES;
				IPHONEOS_DEPLOYMENT_TARGET = 17.5;
				LOCALIZATION_PREFERS_STRING_CATALOGS = YES;
				MTL_ENABLE_DEBUG_INFO = INCLUDE_SOURCE;
				MTL_FAST_MATH = YES;
				ONLY_ACTIVE_ARCH = YES;
				SDKROOT = iphoneos;
				SWIFT_ACTIVE_COMPILATION_CONDITIONS = "DEBUG $(inherited)";
				SWIFT_OPTIMIZATION_LEVEL = "-Onone";
			};
			name = Debug;
		};
		9426EF7B2C46B371002E8132 /* Release */ = {
			isa = XCBuildConfiguration;
			buildSettings = {
				ALWAYS_SEARCH_USER_PATHS = NO;
				ASSETCATALOG_COMPILER_GENERATE_SWIFT_ASSET_SYMBOL_EXTENSIONS = YES;
				CLANG_ANALYZER_NONNULL = YES;
				CLANG_ANALYZER_NUMBER_OBJECT_CONVERSION = YES_AGGRESSIVE;
				CLANG_CXX_LANGUAGE_STANDARD = "gnu++20";
				CLANG_ENABLE_MODULES = YES;
				CLANG_ENABLE_OBJC_ARC = YES;
				CLANG_ENABLE_OBJC_WEAK = YES;
				CLANG_WARN_BLOCK_CAPTURE_AUTORELEASING = YES;
				CLANG_WARN_BOOL_CONVERSION = YES;
				CLANG_WARN_COMMA = YES;
				CLANG_WARN_CONSTANT_CONVERSION = YES;
				CLANG_WARN_DEPRECATED_OBJC_IMPLEMENTATIONS = YES;
				CLANG_WARN_DIRECT_OBJC_ISA_USAGE = YES_ERROR;
				CLANG_WARN_DOCUMENTATION_COMMENTS = YES;
				CLANG_WARN_EMPTY_BODY = YES;
				CLANG_WARN_ENUM_CONVERSION = YES;
				CLANG_WARN_INFINITE_RECURSION = YES;
				CLANG_WARN_INT_CONVERSION = YES;
				CLANG_WARN_NON_LITERAL_NULL_CONVERSION = YES;
				CLANG_WARN_OBJC_IMPLICIT_RETAIN_SELF = YES;
				CLANG_WARN_OBJC_LITERAL_CONVERSION = YES;
				CLANG_WARN_OBJC_ROOT_CLASS = YES_ERROR;
				CLANG_WARN_QUOTED_INCLUDE_IN_FRAMEWORK_HEADER = YES;
				CLANG_WARN_RANGE_LOOP_ANALYSIS = YES;
				CLANG_WARN_STRICT_PROTOTYPES = YES;
				CLANG_WARN_SUSPICIOUS_MOVE = YES;
				CLANG_WARN_UNGUARDED_AVAILABILITY = YES_AGGRESSIVE;
				CLANG_WARN_UNREACHABLE_CODE = YES;
				CLANG_WARN__DUPLICATE_METHOD_MATCH = YES;
				COPY_PHASE_STRIP = NO;
				DEBUG_INFORMATION_FORMAT = "dwarf-with-dsym";
				ENABLE_NS_ASSERTIONS = NO;
				ENABLE_STRICT_OBJC_MSGSEND = YES;
				ENABLE_USER_SCRIPT_SANDBOXING = YES;
				GCC_C_LANGUAGE_STANDARD = gnu17;
				GCC_NO_COMMON_BLOCKS = YES;
				GCC_WARN_64_TO_32_BIT_CONVERSION = YES;
				GCC_WARN_ABOUT_RETURN_TYPE = YES_ERROR;
				GCC_WARN_UNDECLARED_SELECTOR = YES;
				GCC_WARN_UNINITIALIZED_AUTOS = YES_AGGRESSIVE;
				GCC_WARN_UNUSED_FUNCTION = YES;
				GCC_WARN_UNUSED_VARIABLE = YES;
				IPHONEOS_DEPLOYMENT_TARGET = 17.5;
				LOCALIZATION_PREFERS_STRING_CATALOGS = YES;
				MTL_ENABLE_DEBUG_INFO = NO;
				MTL_FAST_MATH = YES;
				SDKROOT = iphoneos;
				SWIFT_COMPILATION_MODE = wholemodule;
				VALIDATE_PRODUCT = YES;
			};
			name = Release;
		};
		9426EF7D2C46B371002E8132 /* Debug */ = {
			isa = XCBuildConfiguration;
			buildSettings = {
				ASSETCATALOG_COMPILER_APPICON_NAME = AppIcon;
				ASSETCATALOG_COMPILER_GLOBAL_ACCENT_COLOR_NAME = AccentColor;
				CODE_SIGN_STYLE = Automatic;
				CURRENT_PROJECT_VERSION = 1;
				DEVELOPMENT_ASSET_PATHS = "\"Timer/Preview Content\"";
				DEVELOPMENT_TEAM = B25C45369C;
				ENABLE_PREVIEWS = YES;
				GENERATE_INFOPLIST_FILE = YES;
				INFOPLIST_KEY_UIApplicationSceneManifest_Generation = YES;
				INFOPLIST_KEY_UIApplicationSupportsIndirectInputEvents = YES;
				INFOPLIST_KEY_UILaunchScreen_Generation = YES;
				INFOPLIST_KEY_UISupportedInterfaceOrientations_iPad = "UIInterfaceOrientationPortrait UIInterfaceOrientationPortraitUpsideDown UIInterfaceOrientationLandscapeLeft UIInterfaceOrientationLandscapeRight";
				INFOPLIST_KEY_UISupportedInterfaceOrientations_iPhone = "UIInterfaceOrientationPortrait UIInterfaceOrientationLandscapeLeft UIInterfaceOrientationLandscapeRight";
				LD_RUNPATH_SEARCH_PATHS = (
					"$(inherited)",
					"@executable_path/Frameworks",
				);
				MARKETING_VERSION = 1.0;
				PRODUCT_BUNDLE_IDENTIFIER = com.skymust.Timer;
				PRODUCT_NAME = "$(TARGET_NAME)";
				SWIFT_EMIT_LOC_STRINGS = YES;
				SWIFT_VERSION = 5.0;
				TARGETED_DEVICE_FAMILY = "1,2";
			};
			name = Debug;
		};
		9426EF7E2C46B371002E8132 /* Release */ = {
			isa = XCBuildConfiguration;
			buildSettings = {
				ASSETCATALOG_COMPILER_APPICON_NAME = AppIcon;
				ASSETCATALOG_COMPILER_GLOBAL_ACCENT_COLOR_NAME = AccentColor;
				CODE_SIGN_STYLE = Automatic;
				CURRENT_PROJECT_VERSION = 1;
				DEVELOPMENT_ASSET_PATHS = "\"Timer/Preview Content\"";
				DEVELOPMENT_TEAM = B25C45369C;
				ENABLE_PREVIEWS = YES;
				GENERATE_INFOPLIST_FILE = YES;
				INFOPLIST_KEY_UIApplicationSceneManifest_Generation = YES;
				INFOPLIST_KEY_UIApplicationSupportsIndirectInputEvents = YES;
				INFOPLIST_KEY_UILaunchScreen_Generation = YES;
				INFOPLIST_KEY_UISupportedInterfaceOrientations_iPad = "UIInterfaceOrientationPortrait UIInterfaceOrientationPortraitUpsideDown UIInterfaceOrientationLandscapeLeft UIInterfaceOrientationLandscapeRight";
				INFOPLIST_KEY_UISupportedInterfaceOrientations_iPhone = "UIInterfaceOrientationPortrait UIInterfaceOrientationLandscapeLeft UIInterfaceOrientationLandscapeRight";
				LD_RUNPATH_SEARCH_PATHS = (
					"$(inherited)",
					"@executable_path/Frameworks",
				);
				MARKETING_VERSION = 1.0;
				PRODUCT_BUNDLE_IDENTIFIER = com.skymust.Timer;
				PRODUCT_NAME = "$(TARGET_NAME)";
				SWIFT_EMIT_LOC_STRINGS = YES;
				SWIFT_VERSION = 5.0;
				TARGETED_DEVICE_FAMILY = "1,2";
			};
			name = Release;
		};
/* End XCBuildConfiguration section */

/* Begin XCConfigurationList section */
		9426EF692C46B36F002E8132 /* Build configuration list for PBXProject "Timer" */ = {
			isa = XCConfigurationList;
			buildConfigurations = (
				9426EF7A2C46B371002E8132 /* Debug */,
				9426EF7B2C46B371002E8132 /* Release */,
			);
			defaultConfigurationIsVisible = 0;
			defaultConfigurationName = Release;
		};
		9426EF7C2C46B371002E8132 /* Build configuration list for PBXNativeTarget "Timer" */ = {
			isa = XCConfigurationList;
			buildConfigurations = (
				9426EF7D2C46B371002E8132 /* Debug */,
				9426EF7E2C46B371002E8132 /* Release */,
			);
			defaultConfigurationIsVisible = 0;
			defaultConfigurationName = Release;
		};
/* End XCConfigurationList section */
	};
	rootObject = 9426EF662C46B36F002E8132 /* Project object */;
}
